
Microsoft Visual Studio Solution File, Format Version 12.00
# Visual Studio Version 16
VisualStudioVersion = 16.0.30320.27
MinimumVisualStudioVersion = 10.0.40219.1
Project("{FAE04EC0-301F-11D3-BF4B-00C04F79EFBC}") = "FPT-AppDev", "FPT-AppDev\FPT-AppDev.csproj", "{C629F061-F74C-4F41-B439-BAF019CA1095}"
EndProject
Global
	GlobalSection(SolutionConfigurationPlatforms) = preSolution
		Debug|Any CPU = Debug|Any CPU
		Release|Any CPU = Release|Any CPU
	EndGlobalSection
	GlobalSection(ProjectConfigurationPlatforms) = postSolution
		{C629F061-F74C-4F41-B439-BAF019CA1095}.Debug|Any CPU.ActiveCfg = Debug|Any CPU
		{C629F061-F74C-4F41-B439-BAF019CA1095}.Debug|Any CPU.Build.0 = Debug|Any CPU
		{C629F061-F74C-4F41-B439-BAF019CA1095}.Release|Any CPU.ActiveCfg = Release|Any CPU
		{C629F061-F74C-4F41-B439-BAF019CA1095}.Release|Any CPU.Build.0 = Release|Any CPU
	EndGlobalSection
	GlobalSection(SolutionProperties) = preSolution
		HideSolutionNode = FALSE
	EndGlobalSection
	GlobalSection(ExtensibilityGlobals) = postSolution
		SolutionGuid = {D0FAC9D5-D917-49CB-95E9-FAB558232EB9}
	EndGlobalSection
EndGlobal
